
Microsoft Visual Studio Solution File, Format Version 12.00
# Visual Studio Version 17
VisualStudioVersion = 17.8.34511.84
MinimumVisualStudioVersion = 10.0.40219.1
Project("{FAE04EC0-301F-11D3-BF4B-00C04F79EFBC}") = "1-Entity-DbFirst", "1-Entity-DbFirst\1-Entity-DbFirst.csproj", "{13E3B1ED-8486-4977-8ABD-EF3733D3C129}"
EndProject
Global
	GlobalSection(SolutionConfigurationPlatforms) = preSolution
		Debug|Any CPU = Debug|Any CPU
		Release|Any CPU = Release|Any CPU
	EndGlobalSection
	GlobalSection(ProjectConfigurationPlatforms) = postSolution
		{13E3B1ED-8486-4977-8ABD-EF3733D3C129}.Debug|Any CPU.ActiveCfg = Debug|Any CPU
		{13E3B1ED-8486-4977-8ABD-EF3733D3C129}.Debug|Any CPU.Build.0 = Debug|Any CPU
		{13E3B1ED-8486-4977-8ABD-EF3733D3C129}.Release|Any CPU.ActiveCfg = Release|Any CPU
		{13E3B1ED-8486-4977-8ABD-EF3733D3C129}.Release|Any CPU.Build.0 = Release|Any CPU
	EndGlobalSection
	GlobalSection(SolutionProperties) = preSolution
		HideSolutionNode = FALSE
	EndGlobalSection
	GlobalSection(ExtensibilityGlobals) = postSolution
		SolutionGuid = {D315F353-C432-439A-949E-72F73C98CC34}
	EndGlobalSection
EndGlobal
